
Microsoft Visual Studio Solution File, Format Version 12.00
# Visual Studio Version 16
VisualStudioVersion = 16.0.29418.71
MinimumVisualStudioVersion = 10.0.40219.1
Project("{FAE04EC0-301F-11D3-BF4B-00C04F79EFBC}") = "Practica de parcial 1", "Practica de parcial 1\Practica de parcial 1.csproj", "{56BE75AC-9FE9-4AAA-BB0D-A1E46A6B28CA}"
EndProject
Project("{FAE04EC0-301F-11D3-BF4B-00C04F79EFBC}") = "Interfaces", "Interfaces\Interfaces.csproj", "{A51BAFF4-E7ED-4C02-BC9E-1066DB44C07F}"
EndProject
Project("{FAE04EC0-301F-11D3-BF4B-00C04F79EFBC}") = "Entidades", "Entidades\Entidades.csproj", "{18CEFFB3-2260-4605-9348-BDB252F312B6}"
EndProject
Global
	GlobalSection(SolutionConfigurationPlatforms) = preSolution
		Debug|Any CPU = Debug|Any CPU
		Release|Any CPU = Release|Any CPU
	EndGlobalSection
	GlobalSection(ProjectConfigurationPlatforms) = postSolution
		{56BE75AC-9FE9-4AAA-BB0D-A1E46A6B28CA}.Debug|Any CPU.ActiveCfg = Debug|Any CPU
		{56BE75AC-9FE9-4AAA-BB0D-A1E46A6B28CA}.Debug|Any CPU.Build.0 = Debug|Any CPU
		{56BE75AC-9FE9-4AAA-BB0D-A1E46A6B28CA}.Release|Any CPU.ActiveCfg = Release|Any CPU
		{56BE75AC-9FE9-4AAA-BB0D-A1E46A6B28CA}.Release|Any CPU.Build.0 = Release|Any CPU
		{A51BAFF4-E7ED-4C02-BC9E-1066DB44C07F}.Debug|Any CPU.ActiveCfg = Debug|Any CPU
		{A51BAFF4-E7ED-4C02-BC9E-1066DB44C07F}.Debug|Any CPU.Build.0 = Debug|Any CPU
		{A51BAFF4-E7ED-4C02-BC9E-1066DB44C07F}.Release|Any CPU.ActiveCfg = Release|Any CPU
		{A51BAFF4-E7ED-4C02-BC9E-1066DB44C07F}.Release|Any CPU.Build.0 = Release|Any CPU
		{18CEFFB3-2260-4605-9348-BDB252F312B6}.Debug|Any CPU.ActiveCfg = Debug|Any CPU
		{18CEFFB3-2260-4605-9348-BDB252F312B6}.Debug|Any CPU.Build.0 = Debug|Any CPU
		{18CEFFB3-2260-4605-9348-BDB252F312B6}.Release|Any CPU.ActiveCfg = Release|Any CPU
		{18CEFFB3-2260-4605-9348-BDB252F312B6}.Release|Any CPU.Build.0 = Release|Any CPU
	EndGlobalSection
	GlobalSection(SolutionProperties) = preSolution
		HideSolutionNode = FALSE
	EndGlobalSection
	GlobalSection(ExtensibilityGlobals) = postSolution
		SolutionGuid = {C13889E4-AFD2-4756-8ACB-1AA868D3E38E}
	EndGlobalSection
EndGlobal
