
Microsoft Visual Studio Solution File, Format Version 12.00
# Visual Studio 15
VisualStudioVersion = 15.0.27703.2047
MinimumVisualStudioVersion = 10.0.40219.1
Project("{FAE04EC0-301F-11D3-BF4B-00C04F79EFBC}") = "CentralTelefonica", "CentralTelefonica\CentralTelefonica.csproj", "{8A34F670-4E10-400A-991C-050C116D0ED9}"
EndProject
Project("{FAE04EC0-301F-11D3-BF4B-00C04F79EFBC}") = "CentralitaHerencia", "CentralitaHerencia\CentralitaHerencia.csproj", "{312583DA-2053-4220-98FD-D78D979BE032}"
EndProject
Global
	GlobalSection(SolutionConfigurationPlatforms) = preSolution
		Debug|Any CPU = Debug|Any CPU
		Release|Any CPU = Release|Any CPU
	EndGlobalSection
	GlobalSection(ProjectConfigurationPlatforms) = postSolution
		{8A34F670-4E10-400A-991C-050C116D0ED9}.Debug|Any CPU.ActiveCfg = Debug|Any CPU
		{8A34F670-4E10-400A-991C-050C116D0ED9}.Debug|Any CPU.Build.0 = Debug|Any CPU
		{8A34F670-4E10-400A-991C-050C116D0ED9}.Release|Any CPU.ActiveCfg = Release|Any CPU
		{8A34F670-4E10-400A-991C-050C116D0ED9}.Release|Any CPU.Build.0 = Release|Any CPU
		{312583DA-2053-4220-98FD-D78D979BE032}.Debug|Any CPU.ActiveCfg = Debug|Any CPU
		{312583DA-2053-4220-98FD-D78D979BE032}.Debug|Any CPU.Build.0 = Debug|Any CPU
		{312583DA-2053-4220-98FD-D78D979BE032}.Release|Any CPU.ActiveCfg = Release|Any CPU
		{312583DA-2053-4220-98FD-D78D979BE032}.Release|Any CPU.Build.0 = Release|Any CPU
	EndGlobalSection
	GlobalSection(SolutionProperties) = preSolution
		HideSolutionNode = FALSE
	EndGlobalSection
	GlobalSection(ExtensibilityGlobals) = postSolution
		SolutionGuid = {B739A51F-E4B5-476B-96F7-1CDBEC025C7D}
	EndGlobalSection
EndGlobal
