
Microsoft Visual Studio Solution File, Format Version 12.00
# Visual Studio 15
VisualStudioVersion = 15.0.27703.2047
MinimumVisualStudioVersion = 10.0.40219.1
Project("{FAE04EC0-301F-11D3-BF4B-00C04F79EFBC}") = "ejercicio", "ejercicio\ejercicio.csproj", "{8F821F5D-8118-47FA-B0F4-C9832833E77E}"
EndProject
Project("{FAE04EC0-301F-11D3-BF4B-00C04F79EFBC}") = "ejercicio 4", "ejercicio 4\ejercicio 4.csproj", "{F049D831-FB63-46C1-99DC-B8A0F0ABFC08}"
EndProject
Project("{FAE04EC0-301F-11D3-BF4B-00C04F79EFBC}") = "Ejercicio 11", "Ejercicio 11\Ejercicio 11.csproj", "{19B6780A-4AF9-46DB-A1DF-1E5B963035B0}"
EndProject
Project("{FAE04EC0-301F-11D3-BF4B-00C04F79EFBC}") = "ejercicio 12", "ejercicio 12\ejercicio 12.csproj", "{041A3D37-E2F3-48CB-9323-5E3E3AEACB9A}"
EndProject
Project("{FAE04EC0-301F-11D3-BF4B-00C04F79EFBC}") = "ejercicio13", "ejercicio13\ejercicio13.csproj", "{4C8499C1-C7D2-48DE-A312-EBFD04A850D8}"
EndProject
Project("{FAE04EC0-301F-11D3-BF4B-00C04F79EFBC}") = "ejercicio 14", "ejercicio 14\ejercicio 14.csproj", "{2C53BAD2-8E4D-4E9D-8297-62CAA7F1BC70}"
EndProject
Project("{FAE04EC0-301F-11D3-BF4B-00C04F79EFBC}") = "ejercicio 15", "ejercicio 15\ejercicio 15.csproj", "{13E3A5A0-3033-4A74-A120-EAAD5CA7257F}"
EndProject
Project("{FAE04EC0-301F-11D3-BF4B-00C04F79EFBC}") = "Ejercicio 16", "Ejercicio 16\Ejercicio 16.csproj", "{370266E7-E329-4817-8170-2A1538FA1CB6}"
EndProject
Project("{FAE04EC0-301F-11D3-BF4B-00C04F79EFBC}") = "Ejercicio 17", "Ejercicio 17\Ejercicio 17.csproj", "{38A01F3C-8C55-4535-9303-54BA4ED4B37E}"
EndProject
Global
	GlobalSection(SolutionConfigurationPlatforms) = preSolution
		Debug|Any CPU = Debug|Any CPU
		Release|Any CPU = Release|Any CPU
	EndGlobalSection
	GlobalSection(ProjectConfigurationPlatforms) = postSolution
		{8F821F5D-8118-47FA-B0F4-C9832833E77E}.Debug|Any CPU.ActiveCfg = Debug|Any CPU
		{8F821F5D-8118-47FA-B0F4-C9832833E77E}.Debug|Any CPU.Build.0 = Debug|Any CPU
		{8F821F5D-8118-47FA-B0F4-C9832833E77E}.Release|Any CPU.ActiveCfg = Release|Any CPU
		{8F821F5D-8118-47FA-B0F4-C9832833E77E}.Release|Any CPU.Build.0 = Release|Any CPU
		{F049D831-FB63-46C1-99DC-B8A0F0ABFC08}.Debug|Any CPU.ActiveCfg = Debug|Any CPU
		{F049D831-FB63-46C1-99DC-B8A0F0ABFC08}.Debug|Any CPU.Build.0 = Debug|Any CPU
		{F049D831-FB63-46C1-99DC-B8A0F0ABFC08}.Release|Any CPU.ActiveCfg = Release|Any CPU
		{F049D831-FB63-46C1-99DC-B8A0F0ABFC08}.Release|Any CPU.Build.0 = Release|Any CPU
		{19B6780A-4AF9-46DB-A1DF-1E5B963035B0}.Debug|Any CPU.ActiveCfg = Debug|Any CPU
		{19B6780A-4AF9-46DB-A1DF-1E5B963035B0}.Debug|Any CPU.Build.0 = Debug|Any CPU
		{19B6780A-4AF9-46DB-A1DF-1E5B963035B0}.Release|Any CPU.ActiveCfg = Release|Any CPU
		{19B6780A-4AF9-46DB-A1DF-1E5B963035B0}.Release|Any CPU.Build.0 = Release|Any CPU
		{041A3D37-E2F3-48CB-9323-5E3E3AEACB9A}.Debug|Any CPU.ActiveCfg = Debug|Any CPU
		{041A3D37-E2F3-48CB-9323-5E3E3AEACB9A}.Debug|Any CPU.Build.0 = Debug|Any CPU
		{041A3D37-E2F3-48CB-9323-5E3E3AEACB9A}.Release|Any CPU.ActiveCfg = Release|Any CPU
		{041A3D37-E2F3-48CB-9323-5E3E3AEACB9A}.Release|Any CPU.Build.0 = Release|Any CPU
		{4C8499C1-C7D2-48DE-A312-EBFD04A850D8}.Debug|Any CPU.ActiveCfg = Debug|Any CPU
		{4C8499C1-C7D2-48DE-A312-EBFD04A850D8}.Debug|Any CPU.Build.0 = Debug|Any CPU
		{4C8499C1-C7D2-48DE-A312-EBFD04A850D8}.Release|Any CPU.ActiveCfg = Release|Any CPU
		{4C8499C1-C7D2-48DE-A312-EBFD04A850D8}.Release|Any CPU.Build.0 = Release|Any CPU
		{2C53BAD2-8E4D-4E9D-8297-62CAA7F1BC70}.Debug|Any CPU.ActiveCfg = Debug|Any CPU
		{2C53BAD2-8E4D-4E9D-8297-62CAA7F1BC70}.Debug|Any CPU.Build.0 = Debug|Any CPU
		{2C53BAD2-8E4D-4E9D-8297-62CAA7F1BC70}.Release|Any CPU.ActiveCfg = Release|Any CPU
		{2C53BAD2-8E4D-4E9D-8297-62CAA7F1BC70}.Release|Any CPU.Build.0 = Release|Any CPU
		{13E3A5A0-3033-4A74-A120-EAAD5CA7257F}.Debug|Any CPU.ActiveCfg = Debug|Any CPU
		{13E3A5A0-3033-4A74-A120-EAAD5CA7257F}.Debug|Any CPU.Build.0 = Debug|Any CPU
		{13E3A5A0-3033-4A74-A120-EAAD5CA7257F}.Release|Any CPU.ActiveCfg = Release|Any CPU
		{13E3A5A0-3033-4A74-A120-EAAD5CA7257F}.Release|Any CPU.Build.0 = Release|Any CPU
		{370266E7-E329-4817-8170-2A1538FA1CB6}.Debug|Any CPU.ActiveCfg = Debug|Any CPU
		{370266E7-E329-4817-8170-2A1538FA1CB6}.Debug|Any CPU.Build.0 = Debug|Any CPU
		{370266E7-E329-4817-8170-2A1538FA1CB6}.Release|Any CPU.ActiveCfg = Release|Any CPU
		{370266E7-E329-4817-8170-2A1538FA1CB6}.Release|Any CPU.Build.0 = Release|Any CPU
		{38A01F3C-8C55-4535-9303-54BA4ED4B37E}.Debug|Any CPU.ActiveCfg = Debug|Any CPU
		{38A01F3C-8C55-4535-9303-54BA4ED4B37E}.Debug|Any CPU.Build.0 = Debug|Any CPU
		{38A01F3C-8C55-4535-9303-54BA4ED4B37E}.Release|Any CPU.ActiveCfg = Release|Any CPU
		{38A01F3C-8C55-4535-9303-54BA4ED4B37E}.Release|Any CPU.Build.0 = Release|Any CPU
	EndGlobalSection
	GlobalSection(SolutionProperties) = preSolution
		HideSolutionNode = FALSE
	EndGlobalSection
	GlobalSection(ExtensibilityGlobals) = postSolution
		SolutionGuid = {9B887F3E-A002-4AB1-AF75-EAECC22F213E}
	EndGlobalSection
EndGlobal
