
Microsoft Visual Studio Solution File, Format Version 12.00
# Visual Studio 15
VisualStudioVersion = 15.0.28307.779
MinimumVisualStudioVersion = 10.0.40219.1
Project("{FAE04EC0-301F-11D3-BF4B-00C04F79EFBC}") = "Ejercicios 23 -", "Ejercicios 23 -\Ejercicios 23 -.csproj", "{FB8291B1-A0E3-4239-8E9C-517208335688}"
EndProject
Project("{FAE04EC0-301F-11D3-BF4B-00C04F79EFBC}") = "Moneda", "Biblioteca\Moneda.csproj", "{4F64C73F-7CE6-480F-BE47-B577AEA2AF85}"
EndProject
Project("{FAE04EC0-301F-11D3-BF4B-00C04F79EFBC}") = "Ejercicio 29", "Ejercicio 29\Ejercicio 29.csproj", "{C5762A66-8533-44D7-9D53-0782BE2EFA1D}"
EndProject
Project("{FAE04EC0-301F-11D3-BF4B-00C04F79EFBC}") = "Ejercicio 26", "Ejercicio 26\Ejercicio 26.csproj", "{620BB097-2DD6-40D4-9A64-E0FD3329406E}"
EndProject
Project("{FAE04EC0-301F-11D3-BF4B-00C04F79EFBC}") = "Ejercicio 38", "Ejercicio 38\Ejercicio 38.csproj", "{294F42F2-B362-4812-9CE2-802272AE512C}"
EndProject
Project("{FAE04EC0-301F-11D3-BF4B-00C04F79EFBC}") = "Ejercicio30Biblioteca", "Ejercicio30\Ejercicio30Biblioteca.csproj", "{D6B8A6CE-35C8-4790-B1CF-06975C71692A}"
EndProject
Project("{FAE04EC0-301F-11D3-BF4B-00C04F79EFBC}") = "Ejercicio 42 Biblioteca", "Ejercicio 42 Biblioteca\Ejercicio 42 Biblioteca.csproj", "{8D6060C7-6CC2-448F-951E-DEE0D7433125}"
EndProject
Global
	GlobalSection(SolutionConfigurationPlatforms) = preSolution
		Debug|Any CPU = Debug|Any CPU
		Release|Any CPU = Release|Any CPU
	EndGlobalSection
	GlobalSection(ProjectConfigurationPlatforms) = postSolution
		{FB8291B1-A0E3-4239-8E9C-517208335688}.Debug|Any CPU.ActiveCfg = Debug|Any CPU
		{FB8291B1-A0E3-4239-8E9C-517208335688}.Debug|Any CPU.Build.0 = Debug|Any CPU
		{FB8291B1-A0E3-4239-8E9C-517208335688}.Release|Any CPU.ActiveCfg = Release|Any CPU
		{FB8291B1-A0E3-4239-8E9C-517208335688}.Release|Any CPU.Build.0 = Release|Any CPU
		{4F64C73F-7CE6-480F-BE47-B577AEA2AF85}.Debug|Any CPU.ActiveCfg = Debug|Any CPU
		{4F64C73F-7CE6-480F-BE47-B577AEA2AF85}.Debug|Any CPU.Build.0 = Debug|Any CPU
		{4F64C73F-7CE6-480F-BE47-B577AEA2AF85}.Release|Any CPU.ActiveCfg = Release|Any CPU
		{4F64C73F-7CE6-480F-BE47-B577AEA2AF85}.Release|Any CPU.Build.0 = Release|Any CPU
		{C5762A66-8533-44D7-9D53-0782BE2EFA1D}.Debug|Any CPU.ActiveCfg = Debug|Any CPU
		{C5762A66-8533-44D7-9D53-0782BE2EFA1D}.Debug|Any CPU.Build.0 = Debug|Any CPU
		{C5762A66-8533-44D7-9D53-0782BE2EFA1D}.Release|Any CPU.ActiveCfg = Release|Any CPU
		{C5762A66-8533-44D7-9D53-0782BE2EFA1D}.Release|Any CPU.Build.0 = Release|Any CPU
		{620BB097-2DD6-40D4-9A64-E0FD3329406E}.Debug|Any CPU.ActiveCfg = Debug|Any CPU
		{620BB097-2DD6-40D4-9A64-E0FD3329406E}.Debug|Any CPU.Build.0 = Debug|Any CPU
		{620BB097-2DD6-40D4-9A64-E0FD3329406E}.Release|Any CPU.ActiveCfg = Release|Any CPU
		{620BB097-2DD6-40D4-9A64-E0FD3329406E}.Release|Any CPU.Build.0 = Release|Any CPU
		{294F42F2-B362-4812-9CE2-802272AE512C}.Debug|Any CPU.ActiveCfg = Debug|Any CPU
		{294F42F2-B362-4812-9CE2-802272AE512C}.Debug|Any CPU.Build.0 = Debug|Any CPU
		{294F42F2-B362-4812-9CE2-802272AE512C}.Release|Any CPU.ActiveCfg = Release|Any CPU
		{294F42F2-B362-4812-9CE2-802272AE512C}.Release|Any CPU.Build.0 = Release|Any CPU
		{D6B8A6CE-35C8-4790-B1CF-06975C71692A}.Debug|Any CPU.ActiveCfg = Debug|Any CPU
		{D6B8A6CE-35C8-4790-B1CF-06975C71692A}.Debug|Any CPU.Build.0 = Debug|Any CPU
		{D6B8A6CE-35C8-4790-B1CF-06975C71692A}.Release|Any CPU.ActiveCfg = Release|Any CPU
		{D6B8A6CE-35C8-4790-B1CF-06975C71692A}.Release|Any CPU.Build.0 = Release|Any CPU
		{8D6060C7-6CC2-448F-951E-DEE0D7433125}.Debug|Any CPU.ActiveCfg = Debug|Any CPU
		{8D6060C7-6CC2-448F-951E-DEE0D7433125}.Debug|Any CPU.Build.0 = Debug|Any CPU
		{8D6060C7-6CC2-448F-951E-DEE0D7433125}.Release|Any CPU.ActiveCfg = Release|Any CPU
		{8D6060C7-6CC2-448F-951E-DEE0D7433125}.Release|Any CPU.Build.0 = Release|Any CPU
	EndGlobalSection
	GlobalSection(SolutionProperties) = preSolution
		HideSolutionNode = FALSE
	EndGlobalSection
	GlobalSection(ExtensibilityGlobals) = postSolution
		SolutionGuid = {0E2132AC-EA0F-4E2C-8C35-903F86F86FDE}
	EndGlobalSection
EndGlobal
