
Microsoft Visual Studio Solution File, Format Version 12.00
# Visual Studio 15
VisualStudioVersion = 15.0.27703.2047
MinimumVisualStudioVersion = 10.0.40219.1
Project("{FAE04EC0-301F-11D3-BF4B-00C04F79EFBC}") = "Ejercicio 68", "Ejercicio 68\Ejercicio 68.csproj", "{DBB59CF7-F496-4E66-B5E6-AF2352B48AED}"
EndProject
Global
	GlobalSection(SolutionConfigurationPlatforms) = preSolution
		Debug|Any CPU = Debug|Any CPU
		Release|Any CPU = Release|Any CPU
	EndGlobalSection
	GlobalSection(ProjectConfigurationPlatforms) = postSolution
		{DBB59CF7-F496-4E66-B5E6-AF2352B48AED}.Debug|Any CPU.ActiveCfg = Debug|Any CPU
		{DBB59CF7-F496-4E66-B5E6-AF2352B48AED}.Debug|Any CPU.Build.0 = Debug|Any CPU
		{DBB59CF7-F496-4E66-B5E6-AF2352B48AED}.Release|Any CPU.ActiveCfg = Release|Any CPU
		{DBB59CF7-F496-4E66-B5E6-AF2352B48AED}.Release|Any CPU.Build.0 = Release|Any CPU
	EndGlobalSection
	GlobalSection(SolutionProperties) = preSolution
		HideSolutionNode = FALSE
	EndGlobalSection
	GlobalSection(ExtensibilityGlobals) = postSolution
		SolutionGuid = {6A9C3014-1D61-4FAF-8D26-4DFABD958DA1}
	EndGlobalSection
EndGlobal
