
Microsoft Visual Studio Solution File, Format Version 12.00
# Visual Studio Version 16
VisualStudioVersion = 16.0.29418.71
MinimumVisualStudioVersion = 10.0.40219.1
Project("{FAE04EC0-301F-11D3-BF4B-00C04F79EFBC}") = "Interfaces", "Interfaces\Interfaces.csproj", "{72D504A6-AEAD-4233-8F00-28B0DA86D8C7}"
EndProject
Project("{FAE04EC0-301F-11D3-BF4B-00C04F79EFBC}") = "Test", "Test\Test.csproj", "{1D8E341C-06D8-4F02-9702-04A51C8D02F7}"
EndProject
Global
	GlobalSection(SolutionConfigurationPlatforms) = preSolution
		Debug|Any CPU = Debug|Any CPU
		Release|Any CPU = Release|Any CPU
	EndGlobalSection
	GlobalSection(ProjectConfigurationPlatforms) = postSolution
		{72D504A6-AEAD-4233-8F00-28B0DA86D8C7}.Debug|Any CPU.ActiveCfg = Debug|Any CPU
		{72D504A6-AEAD-4233-8F00-28B0DA86D8C7}.Debug|Any CPU.Build.0 = Debug|Any CPU
		{72D504A6-AEAD-4233-8F00-28B0DA86D8C7}.Release|Any CPU.ActiveCfg = Release|Any CPU
		{72D504A6-AEAD-4233-8F00-28B0DA86D8C7}.Release|Any CPU.Build.0 = Release|Any CPU
		{1D8E341C-06D8-4F02-9702-04A51C8D02F7}.Debug|Any CPU.ActiveCfg = Debug|Any CPU
		{1D8E341C-06D8-4F02-9702-04A51C8D02F7}.Debug|Any CPU.Build.0 = Debug|Any CPU
		{1D8E341C-06D8-4F02-9702-04A51C8D02F7}.Release|Any CPU.ActiveCfg = Release|Any CPU
		{1D8E341C-06D8-4F02-9702-04A51C8D02F7}.Release|Any CPU.Build.0 = Release|Any CPU
	EndGlobalSection
	GlobalSection(SolutionProperties) = preSolution
		HideSolutionNode = FALSE
	EndGlobalSection
	GlobalSection(ExtensibilityGlobals) = postSolution
		SolutionGuid = {68289B97-07DF-4408-B5E6-EDA67F18D82F}
	EndGlobalSection
EndGlobal
