
Microsoft Visual Studio Solution File, Format Version 12.00
# Visual Studio Version 16
VisualStudioVersion = 16.0.29418.71
MinimumVisualStudioVersion = 10.0.40219.1
Project("{FAE04EC0-301F-11D3-BF4B-00C04F79EFBC}") = "Negocio", "Clases\Negocio.csproj", "{A5CDD254-E73D-4FF8-A512-FF19315137FB}"
EndProject
Global
	GlobalSection(SolutionConfigurationPlatforms) = preSolution
		Debug|Any CPU = Debug|Any CPU
		Release|Any CPU = Release|Any CPU
	EndGlobalSection
	GlobalSection(ProjectConfigurationPlatforms) = postSolution
		{A5CDD254-E73D-4FF8-A512-FF19315137FB}.Debug|Any CPU.ActiveCfg = Debug|Any CPU
		{A5CDD254-E73D-4FF8-A512-FF19315137FB}.Debug|Any CPU.Build.0 = Debug|Any CPU
		{A5CDD254-E73D-4FF8-A512-FF19315137FB}.Release|Any CPU.ActiveCfg = Release|Any CPU
		{A5CDD254-E73D-4FF8-A512-FF19315137FB}.Release|Any CPU.Build.0 = Release|Any CPU
	EndGlobalSection
	GlobalSection(SolutionProperties) = preSolution
		HideSolutionNode = FALSE
	EndGlobalSection
	GlobalSection(ExtensibilityGlobals) = postSolution
		SolutionGuid = {FA69E518-8E32-4B7D-8AF4-AFC8DC9DD584}
	EndGlobalSection
EndGlobal
